// !$*UTF8*$!
{
	archiveVersion = 1;
	classes = {
	};
	objectVersion = 46;
	objects = {

/* Begin PBXBuildFile section */
		A4686C961B5DF3A100403429 /* AppDelegate.swift in Sources */ = {isa = PBXBuildFile; fileRef = A4686C951B5DF3A100403429 /* AppDelegate.swift */; };
		A4686C9B1B5DF3A100403429 /* Main.storyboard in Resources */ = {isa = PBXBuildFile; fileRef = A4686C991B5DF3A100403429 /* Main.storyboard */; };
		A4686C9D1B5DF3A100403429 /* Images.xcassets in Resources */ = {isa = PBXBuildFile; fileRef = A4686C9C1B5DF3A100403429 /* Images.xcassets */; };
		A4686CA01B5DF3A100403429 /* LaunchScreen.xib in Resources */ = {isa = PBXBuildFile; fileRef = A4686C9E1B5DF3A100403429 /* LaunchScreen.xib */; };
		A4686CAC1B5DF3A100403429 /* VacTests.swift in Sources */ = {isa = PBXBuildFile; fileRef = A4686CAB1B5DF3A100403429 /* VacTests.swift */; };
		A4686CBA1B5DF43700403429 /* GuillotineMenuSegue.swift in Sources */ = {isa = PBXBuildFile; fileRef = A4686CB61B5DF43700403429 /* GuillotineMenuSegue.swift */; };
		A4686CBB1B5DF43700403429 /* GuillotineMenuTransitionAnimation.swift in Sources */ = {isa = PBXBuildFile; fileRef = A4686CB71B5DF43700403429 /* GuillotineMenuTransitionAnimation.swift */; };
		A4686CBC1B5DF43700403429 /* GuillotineMenuViewController.swift in Sources */ = {isa = PBXBuildFile; fileRef = A4686CB81B5DF43700403429 /* GuillotineMenuViewController.swift */; };
		A4686CBD1B5DF43700403429 /* UIViewExtension.swift in Sources */ = {isa = PBXBuildFile; fileRef = A4686CB91B5DF43700403429 /* UIViewExtension.swift */; };
		A4686CC01B5DF46000403429 /* ViewController.swift in Sources */ = {isa = PBXBuildFile; fileRef = A4686CBF1B5DF46000403429 /* ViewController.swift */; };
		A4AA9AB11B5E23AC00CE09AE /* NavigationBarController.swift in Sources */ = {isa = PBXBuildFile; fileRef = A4AA9AB01B5E23AC00CE09AE /* NavigationBarController.swift */; };
		A4AA9AB31B5E2BA800CE09AE /* CustomTextField.swift in Sources */ = {isa = PBXBuildFile; fileRef = A4AA9AB21B5E2BA800CE09AE /* CustomTextField.swift */; };
/* End PBXBuildFile section */

/* Begin PBXContainerItemProxy section */
		A4686CA61B5DF3A100403429 /* PBXContainerItemProxy */ = {
			isa = PBXContainerItemProxy;
			containerPortal = A4686C881B5DF3A100403429 /* Project object */;
			proxyType = 1;
			remoteGlobalIDString = A4686C8F1B5DF3A100403429;
			remoteInfo = Vac;
		};
/* End PBXContainerItemProxy section */

/* Begin PBXFileReference section */
		A4686C901B5DF3A100403429 /* Vac.app */ = {isa = PBXFileReference; explicitFileType = wrapper.application; includeInIndex = 0; path = Vac.app; sourceTree = BUILT_PRODUCTS_DIR; };
		A4686C941B5DF3A100403429 /* Info.plist */ = {isa = PBXFileReference; lastKnownFileType = text.plist.xml; path = Info.plist; sourceTree = "<group>"; };
		A4686C951B5DF3A100403429 /* AppDelegate.swift */ = {isa = PBXFileReference; lastKnownFileType = sourcecode.swift; path = AppDelegate.swift; sourceTree = "<group>"; };
		A4686C9A1B5DF3A100403429 /* Base */ = {isa = PBXFileReference; lastKnownFileType = file.storyboard; name = Base; path = Base.lproj/Main.storyboard; sourceTree = "<group>"; };
		A4686C9C1B5DF3A100403429 /* Images.xcassets */ = {isa = PBXFileReference; lastKnownFileType = folder.assetcatalog; path = Images.xcassets; sourceTree = "<group>"; };
		A4686C9F1B5DF3A100403429 /* Base */ = {isa = PBXFileReference; lastKnownFileType = file.xib; name = Base; path = Base.lproj/LaunchScreen.xib; sourceTree = "<group>"; };
		A4686CA51B5DF3A100403429 /* VacTests.xctest */ = {isa = PBXFileReference; explicitFileType = wrapper.cfbundle; includeInIndex = 0; path = VacTests.xctest; sourceTree = BUILT_PRODUCTS_DIR; };
		A4686CAA1B5DF3A100403429 /* Info.plist */ = {isa = PBXFileReference; lastKnownFileType = text.plist.xml; path = Info.plist; sourceTree = "<group>"; };
		A4686CAB1B5DF3A100403429 /* VacTests.swift */ = {isa = PBXFileReference; lastKnownFileType = sourcecode.swift; path = VacTests.swift; sourceTree = "<group>"; };
		A4686CB61B5DF43700403429 /* GuillotineMenuSegue.swift */ = {isa = PBXFileReference; fileEncoding = 4; lastKnownFileType = sourcecode.swift; path = GuillotineMenuSegue.swift; sourceTree = "<group>"; };
		A4686CB71B5DF43700403429 /* GuillotineMenuTransitionAnimation.swift */ = {isa = PBXFileReference; fileEncoding = 4; lastKnownFileType = sourcecode.swift; path = GuillotineMenuTransitionAnimation.swift; sourceTree = "<group>"; };
		A4686CB81B5DF43700403429 /* GuillotineMenuViewController.swift */ = {isa = PBXFileReference; fileEncoding = 4; lastKnownFileType = sourcecode.swift; path = GuillotineMenuViewController.swift; sourceTree = "<group>"; };
		A4686CB91B5DF43700403429 /* UIViewExtension.swift */ = {isa = PBXFileReference; fileEncoding = 4; lastKnownFileType = sourcecode.swift; path = UIViewExtension.swift; sourceTree = "<group>"; };
		A4686CBF1B5DF46000403429 /* ViewController.swift */ = {isa = PBXFileReference; fileEncoding = 4; lastKnownFileType = sourcecode.swift; path = ViewController.swift; sourceTree = "<group>"; };
		A4AA9AB01B5E23AC00CE09AE /* NavigationBarController.swift */ = {isa = PBXFileReference; fileEncoding = 4; lastKnownFileType = sourcecode.swift; path = NavigationBarController.swift; sourceTree = "<group>"; };
		A4AA9AB21B5E2BA800CE09AE /* CustomTextField.swift */ = {isa = PBXFileReference; fileEncoding = 4; lastKnownFileType = sourcecode.swift; path = CustomTextField.swift; sourceTree = "<group>"; };
/* End PBXFileReference section */

/* Begin PBXFrameworksBuildPhase section */
		A4686C8D1B5DF3A100403429 /* Frameworks */ = {
			isa = PBXFrameworksBuildPhase;
			buildActionMask = 2147483647;
			files = (
			);
			runOnlyForDeploymentPostprocessing = 0;
		};
		A4686CA21B5DF3A100403429 /* Frameworks */ = {
			isa = PBXFrameworksBuildPhase;
			buildActionMask = 2147483647;
			files = (
			);
			runOnlyForDeploymentPostprocessing = 0;
		};
/* End PBXFrameworksBuildPhase section */

/* Begin PBXGroup section */
		A4686C871B5DF3A100403429 = {
			isa = PBXGroup;
			children = (
				A4686C921B5DF3A100403429 /* Vac */,
				A4686CA81B5DF3A100403429 /* VacTests */,
				A4686C911B5DF3A100403429 /* Products */,
			);
			sourceTree = "<group>";
		};
		A4686C911B5DF3A100403429 /* Products */ = {
			isa = PBXGroup;
			children = (
				A4686C901B5DF3A100403429 /* Vac.app */,
				A4686CA51B5DF3A100403429 /* VacTests.xctest */,
			);
			name = Products;
			sourceTree = "<group>";
		};
		A4686C921B5DF3A100403429 /* Vac */ = {
			isa = PBXGroup;
			children = (
				A4686CBE1B5DF46000403429 /* ViewControllers */,
				A4686CB51B5DF43700403429 /* GuillotineMenu */,
				A4686C951B5DF3A100403429 /* AppDelegate.swift */,
				A4686C991B5DF3A100403429 /* Main.storyboard */,
				A4686C9C1B5DF3A100403429 /* Images.xcassets */,
				A4686C9E1B5DF3A100403429 /* LaunchScreen.xib */,
				A4686C931B5DF3A100403429 /* Supporting Files */,
				A4AA9AB21B5E2BA800CE09AE /* CustomTextField.swift */,
			);
			path = Vac;
			sourceTree = "<group>";
		};
		A4686C931B5DF3A100403429 /* Supporting Files */ = {
			isa = PBXGroup;
			children = (
				A4686C941B5DF3A100403429 /* Info.plist */,
			);
			name = "Supporting Files";
			sourceTree = "<group>";
		};
		A4686CA81B5DF3A100403429 /* VacTests */ = {
			isa = PBXGroup;
			children = (
				A4686CAB1B5DF3A100403429 /* VacTests.swift */,
				A4686CA91B5DF3A100403429 /* Supporting Files */,
			);
			path = VacTests;
			sourceTree = "<group>";
		};
		A4686CA91B5DF3A100403429 /* Supporting Files */ = {
			isa = PBXGroup;
			children = (
				A4686CAA1B5DF3A100403429 /* Info.plist */,
			);
			name = "Supporting Files";
			sourceTree = "<group>";
		};
		A4686CB51B5DF43700403429 /* GuillotineMenu */ = {
			isa = PBXGroup;
			children = (
				A4686CB61B5DF43700403429 /* GuillotineMenuSegue.swift */,
				A4686CB71B5DF43700403429 /* GuillotineMenuTransitionAnimation.swift */,
				A4686CB81B5DF43700403429 /* GuillotineMenuViewController.swift */,
				A4686CB91B5DF43700403429 /* UIViewExtension.swift */,
			);
			path = GuillotineMenu;
			sourceTree = "<group>";
		};
		A4686CBE1B5DF46000403429 /* ViewControllers */ = {
			isa = PBXGroup;
			children = (
				A4686CBF1B5DF46000403429 /* ViewController.swift */,
				A4AA9AB01B5E23AC00CE09AE /* NavigationBarController.swift */,
			);
			path = ViewControllers;
			sourceTree = "<group>";
		};
/* End PBXGroup section */

/* Begin PBXNativeTarget section */
		A4686C8F1B5DF3A100403429 /* Vac */ = {
			isa = PBXNativeTarget;
			buildConfigurationList = A4686CAF1B5DF3A100403429 /* Build configuration list for PBXNativeTarget "Vac" */;
			buildPhases = (
				A4686C8C1B5DF3A100403429 /* Sources */,
				A4686C8D1B5DF3A100403429 /* Frameworks */,
				A4686C8E1B5DF3A100403429 /* Resources */,
			);
			buildRules = (
			);
			dependencies = (
			);
			name = Vac;
			productName = Vac;
			productReference = A4686C901B5DF3A100403429 /* Vac.app */;
			productType = "com.apple.product-type.application";
		};
		A4686CA41B5DF3A100403429 /* VacTests */ = {
			isa = PBXNativeTarget;
			buildConfigurationList = A4686CB21B5DF3A100403429 /* Build configuration list for PBXNativeTarget "VacTests" */;
			buildPhases = (
				A4686CA11B5DF3A100403429 /* Sources */,
				A4686CA21B5DF3A100403429 /* Frameworks */,
				A4686CA31B5DF3A100403429 /* Resources */,
			);
			buildRules = (
			);
			dependencies = (
				A4686CA71B5DF3A100403429 /* PBXTargetDependency */,
			);
			name = VacTests;
			productName = VacTests;
			productReference = A4686CA51B5DF3A100403429 /* VacTests.xctest */;
			productType = "com.apple.product-type.bundle.unit-test";
		};
/* End PBXNativeTarget section */

/* Begin PBXProject section */
		A4686C881B5DF3A100403429 /* Project object */ = {
			isa = PBXProject;
			attributes = {
				LastUpgradeCheck = 0640;
				ORGANIZATIONNAME = "Steven Shang";
				TargetAttributes = {
					A4686C8F1B5DF3A100403429 = {
						CreatedOnToolsVersion = 6.4;
					};
					A4686CA41B5DF3A100403429 = {
						CreatedOnToolsVersion = 6.4;
						TestTargetID = A4686C8F1B5DF3A100403429;
					};
				};
			};
			buildConfigurationList = A4686C8B1B5DF3A100403429 /* Build configuration list for PBXProject "Vac" */;
			compatibilityVersion = "Xcode 3.2";
			developmentRegion = English;
			hasScannedForEncodings = 0;
			knownRegions = (
				en,
				Base,
			);
			mainGroup = A4686C871B5DF3A100403429;
			productRefGroup = A4686C911B5DF3A100403429 /* Products */;
			projectDirPath = "";
			projectRoot = "";
			targets = (
				A4686C8F1B5DF3A100403429 /* Vac */,
				A4686CA41B5DF3A100403429 /* VacTests */,
			);
		};
/* End PBXProject section */

/* Begin PBXResourcesBuildPhase section */
		A4686C8E1B5DF3A100403429 /* Resources */ = {
			isa = PBXResourcesBuildPhase;
			buildActionMask = 2147483647;
			files = (
				A4686C9B1B5DF3A100403429 /* Main.storyboard in Resources */,
				A4686CA01B5DF3A100403429 /* LaunchScreen.xib in Resources */,
				A4686C9D1B5DF3A100403429 /* Images.xcassets in Resources */,
			);
			runOnlyForDeploymentPostprocessing = 0;
		};
		A4686CA31B5DF3A100403429 /* Resources */ = {
			isa = PBXResourcesBuildPhase;
			buildActionMask = 2147483647;
			files = (
			);
			runOnlyForDeploymentPostprocessing = 0;
		};
/* End PBXResourcesBuildPhase section */

/* Begin PBXSourcesBuildPhase section */
		A4686C8C1B5DF3A100403429 /* Sources */ = {
			isa = PBXSourcesBuildPhase;
			buildActionMask = 2147483647;
			files = (
				A4686CC01B5DF46000403429 /* ViewController.swift in Sources */,
				A4686CBD1B5DF43700403429 /* UIViewExtension.swift in Sources */,
				A4686CBA1B5DF43700403429 /* GuillotineMenuSegue.swift in Sources */,
				A4AA9AB11B5E23AC00CE09AE /* NavigationBarController.swift in Sources */,
				A4AA9AB31B5E2BA800CE09AE /* CustomTextField.swift in Sources */,
				A4686CBC1B5DF43700403429 /* GuillotineMenuViewController.swift in Sources */,
				A4686CBB1B5DF43700403429 /* GuillotineMenuTransitionAnimation.swift in Sources */,
				A4686C961B5DF3A100403429 /* AppDelegate.swift in Sources */,
			);
			runOnlyForDeploymentPostprocessing = 0;
		};
		A4686CA11B5DF3A100403429 /* Sources */ = {
			isa = PBXSourcesBuildPhase;
			buildActionMask = 2147483647;
			files = (
				A4686CAC1B5DF3A100403429 /* VacTests.swift in Sources */,
			);
			runOnlyForDeploymentPostprocessing = 0;
		};
/* End PBXSourcesBuildPhase section */

/* Begin PBXTargetDependency section */
		A4686CA71B5DF3A100403429 /* PBXTargetDependency */ = {
			isa = PBXTargetDependency;
			target = A4686C8F1B5DF3A100403429 /* Vac */;
			targetProxy = A4686CA61B5DF3A100403429 /* PBXContainerItemProxy */;
		};
/* End PBXTargetDependency section */

/* Begin PBXVariantGroup section */
		A4686C991B5DF3A100403429 /* Main.storyboard */ = {
			isa = PBXVariantGroup;
			children = (
				A4686C9A1B5DF3A100403429 /* Base */,
			);
			name = Main.storyboard;
			sourceTree = "<group>";
		};
		A4686C9E1B5DF3A100403429 /* LaunchScreen.xib */ = {
			isa = PBXVariantGroup;
			children = (
				A4686C9F1B5DF3A100403429 /* Base */,
			);
			name = LaunchScreen.xib;
			sourceTree = "<group>";
		};
/* End PBXVariantGroup section */

/* Begin XCBuildConfiguration section */
		A4686CAD1B5DF3A100403429 /* Debug */ = {
			isa = XCBuildConfiguration;
			buildSettings = {
				ALWAYS_SEARCH_USER_PATHS = NO;
				CLANG_CXX_LANGUAGE_STANDARD = "gnu++0x";
				CLANG_CXX_LIBRARY = "libc++";
				CLANG_ENABLE_MODULES = YES;
				CLANG_ENABLE_OBJC_ARC = YES;
				CLANG_WARN_BOOL_CONVERSION = YES;
				CLANG_WARN_CONSTANT_CONVERSION = YES;
				CLANG_WARN_DIRECT_OBJC_ISA_USAGE = YES_ERROR;
				CLANG_WARN_EMPTY_BODY = YES;
				CLANG_WARN_ENUM_CONVERSION = YES;
				CLANG_WARN_INT_CONVERSION = YES;
				CLANG_WARN_OBJC_ROOT_CLASS = YES_ERROR;
				CLANG_WARN_UNREACHABLE_CODE = YES;
				CLANG_WARN__DUPLICATE_METHOD_MATCH = YES;
				"CODE_SIGN_IDENTITY[sdk=iphoneos*]" = "iPhone Developer";
				COPY_PHASE_STRIP = NO;
				DEBUG_INFORMATION_FORMAT = "dwarf-with-dsym";
				ENABLE_STRICT_OBJC_MSGSEND = YES;
				GCC_C_LANGUAGE_STANDARD = gnu99;
				GCC_DYNAMIC_NO_PIC = NO;
				GCC_NO_COMMON_BLOCKS = YES;
				GCC_OPTIMIZATION_LEVEL = 0;
				GCC_PREPROCESSOR_DEFINITIONS = (
					"DEBUG=1",
					"$(inherited)",
				);
				GCC_SYMBOLS_PRIVATE_EXTERN = NO;
				GCC_WARN_64_TO_32_BIT_CONVERSION = YES;
				GCC_WARN_ABOUT_RETURN_TYPE = YES_ERROR;
				GCC_WARN_UNDECLARED_SELECTOR = YES;
				GCC_WARN_UNINITIALIZED_AUTOS = YES_AGGRESSIVE;
				GCC_WARN_UNUSED_FUNCTION = YES;
				GCC_WARN_UNUSED_VARIABLE = YES;
				IPHONEOS_DEPLOYMENT_TARGET = 8.4;
				MTL_ENABLE_DEBUG_INFO = YES;
				ONLY_ACTIVE_ARCH = YES;
				SDKROOT = iphoneos;
				SWIFT_OPTIMIZATION_LEVEL = "-Onone";
				TARGETED_DEVICE_FAMILY = "1,2";
			};
			name = Debug;
		};
		A4686CAE1B5DF3A100403429 /* Release */ = {
			isa = XCBuildConfiguration;
			buildSettings = {
				ALWAYS_SEARCH_USER_PATHS = NO;
				CLANG_CXX_LANGUAGE_STANDARD = "gnu++0x";
				CLANG_CXX_LIBRARY = "libc++";
				CLANG_ENABLE_MODULES = YES;
				CLANG_ENABLE_OBJC_ARC = YES;
				CLANG_WARN_BOOL_CONVERSION = YES;
				CLANG_WARN_CONSTANT_CONVERSION = YES;
				CLANG_WARN_DIRECT_OBJC_ISA_USAGE = YES_ERROR;
				CLANG_WARN_EMPTY_BODY = YES;
				CLANG_WARN_ENUM_CONVERSION = YES;
				CLANG_WARN_INT_CONVERSION = YES;
				CLANG_WARN_OBJC_ROOT_CLASS = YES_ERROR;
				CLANG_WARN_UNREACHABLE_CODE = YES;
				CLANG_WARN__DUPLICATE_METHOD_MATCH = YES;
				"CODE_SIGN_IDENTITY[sdk=iphoneos*]" = "iPhone Developer";
				COPY_PHASE_STRIP = NO;
				DEBUG_INFORMATION_FORMAT = "dwarf-with-dsym";
				ENABLE_NS_ASSERTIONS = NO;
				ENABLE_STRICT_OBJC_MSGSEND = YES;
				GCC_C_LANGUAGE_STANDARD = gnu99;
				GCC_NO_COMMON_BLOCKS = YES;
				GCC_WARN_64_TO_32_BIT_CONVERSION = YES;
				GCC_WARN_ABOUT_RETURN_TYPE = YES_ERROR;
				GCC_WARN_UNDECLARED_SELECTOR = YES;
				GCC_WARN_UNINITIALIZED_AUTOS = YES_AGGRESSIVE;
				GCC_WARN_UNUSED_FUNCTION = YES;
				GCC_WARN_UNUSED_VARIABLE = YES;
				IPHONEOS_DEPLOYMENT_TARGET = 8.4;
				MTL_ENABLE_DEBUG_INFO = NO;
				SDKROOT = iphoneos;
				TARGETED_DEVICE_FAMILY = "1,2";
				VALIDATE_PRODUCT = YES;
			};
			name = Release;
		};
		A4686CB01B5DF3A100403429 /* Debug */ = {
			isa = XCBuildConfiguration;
			buildSettings = {
				ASSETCATALOG_COMPILER_APPICON_NAME = AppIcon;
				INFOPLIST_FILE = Vac/Info.plist;
				LD_RUNPATH_SEARCH_PATHS = "$(inherited) @executable_path/Frameworks";
				PRODUCT_NAME = "$(TARGET_NAME)";
			};
			name = Debug;
		};
		A4686CB11B5DF3A100403429 /* Release */ = {
			isa = XCBuildConfiguration;
			buildSettings = {
				ASSETCATALOG_COMPILER_APPICON_NAME = AppIcon;
				INFOPLIST_FILE = Vac/Info.plist;
				LD_RUNPATH_SEARCH_PATHS = "$(inherited) @executable_path/Frameworks";
				PRODUCT_NAME = "$(TARGET_NAME)";
			};
			name = Release;
		};
		A4686CB31B5DF3A100403429 /* Debug */ = {
			isa = XCBuildConfiguration;
			buildSettings = {
				BUNDLE_LOADER = "$(TEST_HOST)";
				FRAMEWORK_SEARCH_PATHS = (
					"$(SDKROOT)/Developer/Library/Frameworks",
					"$(inherited)",
				);
				GCC_PREPROCESSOR_DEFINITIONS = (
					"DEBUG=1",
					"$(inherited)",
				);
				INFOPLIST_FILE = VacTests/Info.plist;
				LD_RUNPATH_SEARCH_PATHS = "$(inherited) @executable_path/Frameworks @loader_path/Frameworks";
				PRODUCT_NAME = "$(TARGET_NAME)";
				TEST_HOST = "$(BUILT_PRODUCTS_DIR)/Vac.app/Vac";
			};
			name = Debug;
		};
		A4686CB41B5DF3A100403429 /* Release */ = {
			isa = XCBuildConfiguration;
			buildSettings = {
				BUNDLE_LOADER = "$(TEST_HOST)";
				FRAMEWORK_SEARCH_PATHS = (
					"$(SDKROOT)/Developer/Library/Frameworks",
					"$(inherited)",
				);
				INFOPLIST_FILE = VacTests/Info.plist;
				LD_RUNPATH_SEARCH_PATHS = "$(inherited) @executable_path/Frameworks @loader_path/Frameworks";
				PRODUCT_NAME = "$(TARGET_NAME)";
				TEST_HOST = "$(BUILT_PRODUCTS_DIR)/Vac.app/Vac";
			};
			name = Release;
		};
/* End XCBuildConfiguration section */

/* Begin XCConfigurationList section */
		A4686C8B1B5DF3A100403429 /* Build configuration list for PBXProject "Vac" */ = {
			isa = XCConfigurationList;
			buildConfigurations = (
				A4686CAD1B5DF3A100403429 /* Debug */,
				A4686CAE1B5DF3A100403429 /* Release */,
			);
			defaultConfigurationIsVisible = 0;
			defaultConfigurationName = Release;
		};
		A4686CAF1B5DF3A100403429 /* Build configuration list for PBXNativeTarget "Vac" */ = {
			isa = XCConfigurationList;
			buildConfigurations = (
				A4686CB01B5DF3A100403429 /* Debug */,
				A4686CB11B5DF3A100403429 /* Release */,
			);
			defaultConfigurationIsVisible = 0;
			defaultConfigurationName = Release;
		};
		A4686CB21B5DF3A100403429 /* Build configuration list for PBXNativeTarget "VacTests" */ = {
			isa = XCConfigurationList;
			buildConfigurations = (
				A4686CB31B5DF3A100403429 /* Debug */,
				A4686CB41B5DF3A100403429 /* Release */,
			);
			defaultConfigurationIsVisible = 0;
			defaultConfigurationName = Release;
		};
/* End XCConfigurationList section */
	};
	rootObject = A4686C881B5DF3A100403429 /* Project object */;
}
